
Microsoft Visual Studio Solution File, Format Version 12.00
# Visual Studio Version 17
VisualStudioVersion = 17.2.32526.322
MinimumVisualStudioVersion = 10.0.40219.1
Project("{FAE04EC0-301F-11D3-BF4B-00C04F79EFBC}") = "Calculator", "Calculator\Calculator.csproj", "{422B57E2-F521-49AD-9421-35CF941F42EE}"
EndProject
Global
	GlobalSection(SolutionConfigurationPlatforms) = preSolution
		Debug|Any CPU = Debug|Any CPU
		Release|Any CPU = Release|Any CPU
	EndGlobalSection
	GlobalSection(ProjectConfigurationPlatforms) = postSolution
		{422B57E2-F521-49AD-9421-35CF941F42EE}.Debug|Any CPU.ActiveCfg = Debug|Any CPU
		{422B57E2-F521-49AD-9421-35CF941F42EE}.Debug|Any CPU.Build.0 = Debug|Any CPU
		{422B57E2-F521-49AD-9421-35CF941F42EE}.Release|Any CPU.ActiveCfg = Release|Any CPU
		{422B57E2-F521-49AD-9421-35CF941F42EE}.Release|Any CPU.Build.0 = Release|Any CPU
	EndGlobalSection
	GlobalSection(SolutionProperties) = preSolution
		HideSolutionNode = FALSE
	EndGlobalSection
	GlobalSection(ExtensibilityGlobals) = postSolution
		SolutionGuid = {5A3DB767-6AB9-4910-89E1-97B84D8E19D7}
	EndGlobalSection
EndGlobal
